
Microsoft Visual Studio Solution File, Format Version 12.00
Project("{FAE04EC0-301F-11D3-BF4B-00C04F79EFBC}") = "BasicAdmin", "BasicAdmin\BasicAdmin.csproj", "{F86ABB2B-29F8-43E6-AA47-12CE5E6DE897}"
EndProject
Global
	GlobalSection(SolutionConfigurationPlatforms) = preSolution
		Debug|Any CPU = Debug|Any CPU
		Release|Any CPU = Release|Any CPU
	EndGlobalSection
	GlobalSection(ProjectConfigurationPlatforms) = postSolution
		{F86ABB2B-29F8-43E6-AA47-12CE5E6DE897}.Debug|Any CPU.ActiveCfg = Debug|Any CPU
		{F86ABB2B-29F8-43E6-AA47-12CE5E6DE897}.Debug|Any CPU.Build.0 = Debug|Any CPU
		{F86ABB2B-29F8-43E6-AA47-12CE5E6DE897}.Release|Any CPU.ActiveCfg = Release|Any CPU
		{F86ABB2B-29F8-43E6-AA47-12CE5E6DE897}.Release|Any CPU.Build.0 = Release|Any CPU
	EndGlobalSection
EndGlobal
